
Microsoft Visual Studio Solution File, Format Version 12.00
# Visual Studio Version 16
VisualStudioVersion = 16.0.29709.97
MinimumVisualStudioVersion = 10.0.40219.1
Project("{FAE04EC0-301F-11D3-BF4B-00C04F79EFBC}") = "ServerSideSPA", "ServerSideSPA\ServerSideSPA.csproj", "{79B41790-0782-4C72-85B8-8F7C552EB4E5}"
EndProject
Global
	GlobalSection(SolutionConfigurationPlatforms) = preSolution
		Debug|Any CPU = Debug|Any CPU
		Release|Any CPU = Release|Any CPU
	EndGlobalSection
	GlobalSection(ProjectConfigurationPlatforms) = postSolution
		{79B41790-0782-4C72-85B8-8F7C552EB4E5}.Debug|Any CPU.ActiveCfg = Debug|Any CPU
		{79B41790-0782-4C72-85B8-8F7C552EB4E5}.Debug|Any CPU.Build.0 = Debug|Any CPU
		{79B41790-0782-4C72-85B8-8F7C552EB4E5}.Release|Any CPU.ActiveCfg = Release|Any CPU
		{79B41790-0782-4C72-85B8-8F7C552EB4E5}.Release|Any CPU.Build.0 = Release|Any CPU
	EndGlobalSection
	GlobalSection(SolutionProperties) = preSolution
		HideSolutionNode = FALSE
	EndGlobalSection
	GlobalSection(ExtensibilityGlobals) = postSolution
		SolutionGuid = {C1FD4B1A-6300-432A-9797-AE426B2A0EE6}
	EndGlobalSection
EndGlobal
